// !$*UTF8*$!
{
	archiveVersion = 1;
	classes = {
	};
	objectVersion = 56;
	objects = {

/* Begin PBXBuildFile section */
		B6455ECC2BDC3CF600C55D3B /* UserInfoVC.swift in Sources */ = {isa = PBXBuildFile; fileRef = B6455ECB2BDC3CF600C55D3B /* UserInfoVC.swift */; };
		B65534022BB8B00A00C27827 /* UIHelper.swift in Sources */ = {isa = PBXBuildFile; fileRef = B65534012BB8B00A00C27827 /* UIHelper.swift */; };
		B6AF280C2BAF2807005DFD41 /* AppDelegate.swift in Sources */ = {isa = PBXBuildFile; fileRef = B6AF280B2BAF2807005DFD41 /* AppDelegate.swift */; };
		B6AF280E2BAF2807005DFD41 /* SceneDelegate.swift in Sources */ = {isa = PBXBuildFile; fileRef = B6AF280D2BAF2807005DFD41 /* SceneDelegate.swift */; };
		B6AF28152BAF2808005DFD41 /* Assets.xcassets in Resources */ = {isa = PBXBuildFile; fileRef = B6AF28142BAF2808005DFD41 /* Assets.xcassets */; };
		B6AF28182BAF2808005DFD41 /* Base in Resources */ = {isa = PBXBuildFile; fileRef = B6AF28172BAF2808005DFD41 /* Base */; };
		B6AF28202BAF4992005DFD41 /* SearchVC.swift in Sources */ = {isa = PBXBuildFile; fileRef = B6AF281F2BAF4992005DFD41 /* SearchVC.swift */; };
		B6AF28222BAF49BD005DFD41 /* FavoritesListVC.swift in Sources */ = {isa = PBXBuildFile; fileRef = B6AF28212BAF49BD005DFD41 /* FavoritesListVC.swift */; };
		B6AF28242BAF4E1D005DFD41 /* GFButton.swift in Sources */ = {isa = PBXBuildFile; fileRef = B6AF28232BAF4E1D005DFD41 /* GFButton.swift */; };
		B6AF28262BAF5251005DFD41 /* GFTextField.swift in Sources */ = {isa = PBXBuildFile; fileRef = B6AF28252BAF5251005DFD41 /* GFTextField.swift */; };
		B6AF28282BAF8A1B005DFD41 /* FollowerListVC.swift in Sources */ = {isa = PBXBuildFile; fileRef = B6AF28272BAF8A1B005DFD41 /* FollowerListVC.swift */; };
		B6AF282A2BB0C246005DFD41 /* GFTitleLabel.swift in Sources */ = {isa = PBXBuildFile; fileRef = B6AF28292BB0C246005DFD41 /* GFTitleLabel.swift */; };
		B6AF282C2BB0C3C8005DFD41 /* GFBodyLabel.swift in Sources */ = {isa = PBXBuildFile; fileRef = B6AF282B2BB0C3C8005DFD41 /* GFBodyLabel.swift */; };
		B6AF282E2BB0C494005DFD41 /* GFAlertVC.swift in Sources */ = {isa = PBXBuildFile; fileRef = B6AF282D2BB0C494005DFD41 /* GFAlertVC.swift */; };
		B6AF28302BB0D03B005DFD41 /* UIViewController+Ext.swift in Sources */ = {isa = PBXBuildFile; fileRef = B6AF282F2BB0D03B005DFD41 /* UIViewController+Ext.swift */; };
		B6AF28372BB0D993005DFD41 /* Follower.swift in Sources */ = {isa = PBXBuildFile; fileRef = B6AF28362BB0D993005DFD41 /* Follower.swift */; };
		B6AF28392BB0DA50005DFD41 /* User.swift in Sources */ = {isa = PBXBuildFile; fileRef = B6AF28382BB0DA50005DFD41 /* User.swift */; };
		B6AF283E2BB2164C005DFD41 /* NetworkManager.swift in Sources */ = {isa = PBXBuildFile; fileRef = B6AF283D2BB2164C005DFD41 /* NetworkManager.swift */; };
		B6AF28412BB222B3005DFD41 /* GFError.swift in Sources */ = {isa = PBXBuildFile; fileRef = B6AF28402BB222B3005DFD41 /* GFError.swift */; };
		B6AF28442BB22920005DFD41 /* FollowerCell.swift in Sources */ = {isa = PBXBuildFile; fileRef = B6AF28432BB22920005DFD41 /* FollowerCell.swift */; };
		B6AF28462BB22999005DFD41 /* GFAvatarImageView.swift in Sources */ = {isa = PBXBuildFile; fileRef = B6AF28452BB22999005DFD41 /* GFAvatarImageView.swift */; };
		B6F3F6CC2BD2FD9B00C67544 /* GFEmptyStateView.swift in Sources */ = {isa = PBXBuildFile; fileRef = B6F3F6CB2BD2FD9B00C67544 /* GFEmptyStateView.swift */; };
/* End PBXBuildFile section */

/* Begin PBXFileReference section */
		B6455ECB2BDC3CF600C55D3B /* UserInfoVC.swift */ = {isa = PBXFileReference; lastKnownFileType = sourcecode.swift; path = UserInfoVC.swift; sourceTree = "<group>"; };
		B65534012BB8B00A00C27827 /* UIHelper.swift */ = {isa = PBXFileReference; lastKnownFileType = sourcecode.swift; path = UIHelper.swift; sourceTree = "<group>"; };
		B6AF28082BAF2807005DFD41 /* GHFollowers.app */ = {isa = PBXFileReference; explicitFileType = wrapper.application; includeInIndex = 0; path = GHFollowers.app; sourceTree = BUILT_PRODUCTS_DIR; };
		B6AF280B2BAF2807005DFD41 /* AppDelegate.swift */ = {isa = PBXFileReference; lastKnownFileType = sourcecode.swift; path = AppDelegate.swift; sourceTree = "<group>"; };
		B6AF280D2BAF2807005DFD41 /* SceneDelegate.swift */ = {isa = PBXFileReference; lastKnownFileType = sourcecode.swift; path = SceneDelegate.swift; sourceTree = "<group>"; };
		B6AF28142BAF2808005DFD41 /* Assets.xcassets */ = {isa = PBXFileReference; lastKnownFileType = folder.assetcatalog; path = Assets.xcassets; sourceTree = "<group>"; };
		B6AF28172BAF2808005DFD41 /* Base */ = {isa = PBXFileReference; lastKnownFileType = file.storyboard; name = Base; path = Base.lproj/LaunchScreen.storyboard; sourceTree = "<group>"; };
		B6AF28192BAF2808005DFD41 /* Info.plist */ = {isa = PBXFileReference; lastKnownFileType = text.plist.xml; path = Info.plist; sourceTree = "<group>"; };
		B6AF281F2BAF4992005DFD41 /* SearchVC.swift */ = {isa = PBXFileReference; lastKnownFileType = sourcecode.swift; path = SearchVC.swift; sourceTree = "<group>"; };
		B6AF28212BAF49BD005DFD41 /* FavoritesListVC.swift */ = {isa = PBXFileReference; lastKnownFileType = sourcecode.swift; path = FavoritesListVC.swift; sourceTree = "<group>"; };
		B6AF28232BAF4E1D005DFD41 /* GFButton.swift */ = {isa = PBXFileReference; lastKnownFileType = sourcecode.swift; path = GFButton.swift; sourceTree = "<group>"; };
		B6AF28252BAF5251005DFD41 /* GFTextField.swift */ = {isa = PBXFileReference; lastKnownFileType = sourcecode.swift; path = GFTextField.swift; sourceTree = "<group>"; };
		B6AF28272BAF8A1B005DFD41 /* FollowerListVC.swift */ = {isa = PBXFileReference; lastKnownFileType = sourcecode.swift; path = FollowerListVC.swift; sourceTree = "<group>"; };
		B6AF28292BB0C246005DFD41 /* GFTitleLabel.swift */ = {isa = PBXFileReference; lastKnownFileType = sourcecode.swift; path = GFTitleLabel.swift; sourceTree = "<group>"; };
		B6AF282B2BB0C3C8005DFD41 /* GFBodyLabel.swift */ = {isa = PBXFileReference; lastKnownFileType = sourcecode.swift; path = GFBodyLabel.swift; sourceTree = "<group>"; };
		B6AF282D2BB0C494005DFD41 /* GFAlertVC.swift */ = {isa = PBXFileReference; lastKnownFileType = sourcecode.swift; path = GFAlertVC.swift; sourceTree = "<group>"; };
		B6AF282F2BB0D03B005DFD41 /* UIViewController+Ext.swift */ = {isa = PBXFileReference; lastKnownFileType = sourcecode.swift; path = "UIViewController+Ext.swift"; sourceTree = "<group>"; };
		B6AF28362BB0D993005DFD41 /* Follower.swift */ = {isa = PBXFileReference; lastKnownFileType = sourcecode.swift; path = Follower.swift; sourceTree = "<group>"; };
		B6AF28382BB0DA50005DFD41 /* User.swift */ = {isa = PBXFileReference; lastKnownFileType = sourcecode.swift; path = User.swift; sourceTree = "<group>"; };
		B6AF283D2BB2164C005DFD41 /* NetworkManager.swift */ = {isa = PBXFileReference; lastKnownFileType = sourcecode.swift; path = NetworkManager.swift; sourceTree = "<group>"; };
		B6AF28402BB222B3005DFD41 /* GFError.swift */ = {isa = PBXFileReference; lastKnownFileType = sourcecode.swift; path = GFError.swift; sourceTree = "<group>"; };
		B6AF28432BB22920005DFD41 /* FollowerCell.swift */ = {isa = PBXFileReference; lastKnownFileType = sourcecode.swift; path = FollowerCell.swift; sourceTree = "<group>"; };
		B6AF28452BB22999005DFD41 /* GFAvatarImageView.swift */ = {isa = PBXFileReference; lastKnownFileType = sourcecode.swift; path = GFAvatarImageView.swift; sourceTree = "<group>"; };
		B6F3F6CB2BD2FD9B00C67544 /* GFEmptyStateView.swift */ = {isa = PBXFileReference; lastKnownFileType = sourcecode.swift; path = GFEmptyStateView.swift; sourceTree = "<group>"; };
/* End PBXFileReference section */

/* Begin PBXFrameworksBuildPhase section */
		B6AF28052BAF2807005DFD41 /* Frameworks */ = {
			isa = PBXFrameworksBuildPhase;
			buildActionMask = 2147483647;
			files = (
			);
			runOnlyForDeploymentPostprocessing = 0;
		};
/* End PBXFrameworksBuildPhase section */

/* Begin PBXGroup section */
		B6AF27FF2BAF2807005DFD41 = {
			isa = PBXGroup;
			children = (
				B6AF280A2BAF2807005DFD41 /* GHFollowers */,
				B6AF28092BAF2807005DFD41 /* Products */,
			);
			sourceTree = "<group>";
		};
		B6AF28092BAF2807005DFD41 /* Products */ = {
			isa = PBXGroup;
			children = (
				B6AF28082BAF2807005DFD41 /* GHFollowers.app */,
			);
			name = Products;
			sourceTree = "<group>";
		};
		B6AF280A2BAF2807005DFD41 /* GHFollowers */ = {
			isa = PBXGroup;
			children = (
				B6AF280B2BAF2807005DFD41 /* AppDelegate.swift */,
				B6AF280D2BAF2807005DFD41 /* SceneDelegate.swift */,
				B6AF283F2BB2229B005DFD41 /* Utilities */,
				B6AF283C2BB21639005DFD41 /* Managers */,
				B6AF28352BB0D989005DFD41 /* Model */,
				B6AF28342BB0D3EF005DFD41 /* Extensions */,
				B6AF28332BB0D3C1005DFD41 /* Custom Views */,
				B6AF28312BB0D317005DFD41 /* Screens */,
				B6AF28142BAF2808005DFD41 /* Assets.xcassets */,
				B6AF28162BAF2808005DFD41 /* LaunchScreen.storyboard */,
				B6AF28192BAF2808005DFD41 /* Info.plist */,
			);
			path = GHFollowers;
			sourceTree = "<group>";
		};
		B6AF28312BB0D317005DFD41 /* Screens */ = {
			isa = PBXGroup;
			children = (
				B6AF281F2BAF4992005DFD41 /* SearchVC.swift */,
				B6AF28272BAF8A1B005DFD41 /* FollowerListVC.swift */,
				B6AF28212BAF49BD005DFD41 /* FavoritesListVC.swift */,
				B6455ECB2BDC3CF600C55D3B /* UserInfoVC.swift */,
			);
			path = Screens;
			sourceTree = "<group>";
		};
		B6AF28332BB0D3C1005DFD41 /* Custom Views */ = {
			isa = PBXGroup;
			children = (
				B6F3F6CA2BD2FD7900C67544 /* Labels */,
				B6F3F6C92BD2FD6E00C67544 /* ViewControllers */,
				B6F3F6C82BD2FD6200C67544 /* ImageViews */,
				B6F3F6C72BD2FD5B00C67544 /* TextFields */,
				B6F3F6C62BD2FD5500C67544 /* Buttons */,
				B6F3F6C52BD2FD4C00C67544 /* Views */,
				B6AF28422BB228FC005DFD41 /* Cells */,
			);
			path = "Custom Views";
			sourceTree = "<group>";
		};
		B6AF28342BB0D3EF005DFD41 /* Extensions */ = {
			isa = PBXGroup;
			children = (
				B6AF282F2BB0D03B005DFD41 /* UIViewController+Ext.swift */,
				B6AF282D2BB0C494005DFD41 /* GFAlertVC.swift */,
			);
			path = Extensions;
			sourceTree = "<group>";
		};
		B6AF28352BB0D989005DFD41 /* Model */ = {
			isa = PBXGroup;
			children = (
				B6AF28362BB0D993005DFD41 /* Follower.swift */,
				B6AF28382BB0DA50005DFD41 /* User.swift */,
			);
			path = Model;
			sourceTree = "<group>";
		};
		B6AF283C2BB21639005DFD41 /* Managers */ = {
			isa = PBXGroup;
			children = (
				B6AF283D2BB2164C005DFD41 /* NetworkManager.swift */,
			);
			path = Managers;
			sourceTree = "<group>";
		};
		B6AF283F2BB2229B005DFD41 /* Utilities */ = {
			isa = PBXGroup;
			children = (
				B6AF28402BB222B3005DFD41 /* GFError.swift */,
				B65534012BB8B00A00C27827 /* UIHelper.swift */,
			);
			path = Utilities;
			sourceTree = "<group>";
		};
		B6AF28422BB228FC005DFD41 /* Cells */ = {
			isa = PBXGroup;
			children = (
				B6AF28432BB22920005DFD41 /* FollowerCell.swift */,
			);
			path = Cells;
			sourceTree = "<group>";
		};
		B6F3F6C52BD2FD4C00C67544 /* Views */ = {
			isa = PBXGroup;
			children = (
				B6F3F6CB2BD2FD9B00C67544 /* GFEmptyStateView.swift */,
			);
			path = Views;
			sourceTree = "<group>";
		};
		B6F3F6C62BD2FD5500C67544 /* Buttons */ = {
			isa = PBXGroup;
			children = (
				B6AF28232BAF4E1D005DFD41 /* GFButton.swift */,
			);
			path = Buttons;
			sourceTree = "<group>";
		};
		B6F3F6C72BD2FD5B00C67544 /* TextFields */ = {
			isa = PBXGroup;
			children = (
				B6AF28252BAF5251005DFD41 /* GFTextField.swift */,
			);
			path = TextFields;
			sourceTree = "<group>";
		};
		B6F3F6C82BD2FD6200C67544 /* ImageViews */ = {
			isa = PBXGroup;
			children = (
				B6AF28452BB22999005DFD41 /* GFAvatarImageView.swift */,
			);
			path = ImageViews;
			sourceTree = "<group>";
		};
		B6F3F6C92BD2FD6E00C67544 /* ViewControllers */ = {
			isa = PBXGroup;
			children = (
			);
			path = ViewControllers;
			sourceTree = "<group>";
		};
		B6F3F6CA2BD2FD7900C67544 /* Labels */ = {
			isa = PBXGroup;
			children = (
				B6AF282B2BB0C3C8005DFD41 /* GFBodyLabel.swift */,
				B6AF28292BB0C246005DFD41 /* GFTitleLabel.swift */,
			);
			path = Labels;
			sourceTree = "<group>";
		};
/* End PBXGroup section */

/* Begin PBXNativeTarget section */
		B6AF28072BAF2807005DFD41 /* GHFollowers */ = {
			isa = PBXNativeTarget;
			buildConfigurationList = B6AF281C2BAF2808005DFD41 /* Build configuration list for PBXNativeTarget "GHFollowers" */;
			buildPhases = (
				B6AF28042BAF2807005DFD41 /* Sources */,
				B6AF28052BAF2807005DFD41 /* Frameworks */,
				B6AF28062BAF2807005DFD41 /* Resources */,
			);
			buildRules = (
			);
			dependencies = (
			);
			name = GHFollowers;
			productName = GHFollowers;
			productReference = B6AF28082BAF2807005DFD41 /* GHFollowers.app */;
			productType = "com.apple.product-type.application";
		};
/* End PBXNativeTarget section */

/* Begin PBXProject section */
		B6AF28002BAF2807005DFD41 /* Project object */ = {
			isa = PBXProject;
			attributes = {
				BuildIndependentTargetsInParallel = 1;
				LastSwiftUpdateCheck = 1530;
				LastUpgradeCheck = 1530;
				TargetAttributes = {
					B6AF28072BAF2807005DFD41 = {
						CreatedOnToolsVersion = 15.3;
					};
				};
			};
			buildConfigurationList = B6AF28032BAF2807005DFD41 /* Build configuration list for PBXProject "GHFollowers" */;
			compatibilityVersion = "Xcode 14.0";
			developmentRegion = en;
			hasScannedForEncodings = 0;
			knownRegions = (
				en,
				Base,
			);
			mainGroup = B6AF27FF2BAF2807005DFD41;
			productRefGroup = B6AF28092BAF2807005DFD41 /* Products */;
			projectDirPath = "";
			projectRoot = "";
			targets = (
				B6AF28072BAF2807005DFD41 /* GHFollowers */,
			);
		};
/* End PBXProject section */

/* Begin PBXResourcesBuildPhase section */
		B6AF28062BAF2807005DFD41 /* Resources */ = {
			isa = PBXResourcesBuildPhase;
			buildActionMask = 2147483647;
			files = (
				B6AF28152BAF2808005DFD41 /* Assets.xcassets in Resources */,
				B6AF28182BAF2808005DFD41 /* Base in Resources */,
			);
			runOnlyForDeploymentPostprocessing = 0;
		};
/* End PBXResourcesBuildPhase section */

/* Begin PBXSourcesBuildPhase section */
		B6AF28042BAF2807005DFD41 /* Sources */ = {
			isa = PBXSourcesBuildPhase;
			buildActionMask = 2147483647;
			files = (
				B6AF28392BB0DA50005DFD41 /* User.swift in Sources */,
				B6AF28262BAF5251005DFD41 /* GFTextField.swift in Sources */,
				B6AF28222BAF49BD005DFD41 /* FavoritesListVC.swift in Sources */,
				B6AF28242BAF4E1D005DFD41 /* GFButton.swift in Sources */,
				B6AF28302BB0D03B005DFD41 /* UIViewController+Ext.swift in Sources */,
				B65534022BB8B00A00C27827 /* UIHelper.swift in Sources */,
				B6AF28462BB22999005DFD41 /* GFAvatarImageView.swift in Sources */,
				B6AF28202BAF4992005DFD41 /* SearchVC.swift in Sources */,
				B6AF282E2BB0C494005DFD41 /* GFAlertVC.swift in Sources */,
				B6AF28442BB22920005DFD41 /* FollowerCell.swift in Sources */,
				B6AF28412BB222B3005DFD41 /* GFError.swift in Sources */,
				B6AF282C2BB0C3C8005DFD41 /* GFBodyLabel.swift in Sources */,
				B6AF28372BB0D993005DFD41 /* Follower.swift in Sources */,
				B6AF282A2BB0C246005DFD41 /* GFTitleLabel.swift in Sources */,
				B6F3F6CC2BD2FD9B00C67544 /* GFEmptyStateView.swift in Sources */,
				B6AF283E2BB2164C005DFD41 /* NetworkManager.swift in Sources */,
				B6AF28282BAF8A1B005DFD41 /* FollowerListVC.swift in Sources */,
				B6AF280C2BAF2807005DFD41 /* AppDelegate.swift in Sources */,
				B6AF280E2BAF2807005DFD41 /* SceneDelegate.swift in Sources */,
				B6455ECC2BDC3CF600C55D3B /* UserInfoVC.swift in Sources */,
			);
			runOnlyForDeploymentPostprocessing = 0;
		};
/* End PBXSourcesBuildPhase section */

/* Begin PBXVariantGroup section */
		B6AF28162BAF2808005DFD41 /* LaunchScreen.storyboard */ = {
			isa = PBXVariantGroup;
			children = (
				B6AF28172BAF2808005DFD41 /* Base */,
			);
			name = LaunchScreen.storyboard;
			sourceTree = "<group>";
		};
/* End PBXVariantGroup section */

/* Begin XCBuildConfiguration section */
		B6AF281A2BAF2808005DFD41 /* Debug */ = {
			isa = XCBuildConfiguration;
			buildSettings = {
				ALWAYS_SEARCH_USER_PATHS = NO;
				ASSETCATALOG_COMPILER_GENERATE_SWIFT_ASSET_SYMBOL_EXTENSIONS = YES;
				CLANG_ANALYZER_NONNULL = YES;
				CLANG_ANALYZER_NUMBER_OBJECT_CONVERSION = YES_AGGRESSIVE;
				CLANG_CXX_LANGUAGE_STANDARD = "gnu++20";
				CLANG_ENABLE_MODULES = YES;
				CLANG_ENABLE_OBJC_ARC = YES;
				CLANG_ENABLE_OBJC_WEAK = YES;
				CLANG_WARN_BLOCK_CAPTURE_AUTORELEASING = YES;
				CLANG_WARN_BOOL_CONVERSION = YES;
				CLANG_WARN_COMMA = YES;
				CLANG_WARN_CONSTANT_CONVERSION = YES;
				CLANG_WARN_DEPRECATED_OBJC_IMPLEMENTATIONS = YES;
				CLANG_WARN_DIRECT_OBJC_ISA_USAGE = YES_ERROR;
				CLANG_WARN_DOCUMENTATION_COMMENTS = YES;
				CLANG_WARN_EMPTY_BODY = YES;
				CLANG_WARN_ENUM_CONVERSION = YES;
				CLANG_WARN_INFINITE_RECURSION = YES;
				CLANG_WARN_INT_CONVERSION = YES;
				CLANG_WARN_NON_LITERAL_NULL_CONVERSION = YES;
				CLANG_WARN_OBJC_IMPLICIT_RETAIN_SELF = YES;
				CLANG_WARN_OBJC_LITERAL_CONVERSION = YES;
				CLANG_WARN_OBJC_ROOT_CLASS = YES_ERROR;
				CLANG_WARN_QUOTED_INCLUDE_IN_FRAMEWORK_HEADER = YES;
				CLANG_WARN_RANGE_LOOP_ANALYSIS = YES;
				CLANG_WARN_STRICT_PROTOTYPES = YES;
				CLANG_WARN_SUSPICIOUS_MOVE = YES;
				CLANG_WARN_UNGUARDED_AVAILABILITY = YES_AGGRESSIVE;
				CLANG_WARN_UNREACHABLE_CODE = YES;
				CLANG_WARN__DUPLICATE_METHOD_MATCH = YES;
				COPY_PHASE_STRIP = NO;
				DEBUG_INFORMATION_FORMAT = dwarf;
				ENABLE_STRICT_OBJC_MSGSEND = YES;
				ENABLE_TESTABILITY = YES;
				ENABLE_USER_SCRIPT_SANDBOXING = YES;
				GCC_C_LANGUAGE_STANDARD = gnu17;
				GCC_DYNAMIC_NO_PIC = NO;
				GCC_NO_COMMON_BLOCKS = YES;
				GCC_OPTIMIZATION_LEVEL = 0;
				GCC_PREPROCESSOR_DEFINITIONS = (
					"DEBUG=1",
					"$(inherited)",
				);
				GCC_WARN_64_TO_32_BIT_CONVERSION = YES;
				GCC_WARN_ABOUT_RETURN_TYPE = YES_ERROR;
				GCC_WARN_UNDECLARED_SELECTOR = YES;
				GCC_WARN_UNINITIALIZED_AUTOS = YES_AGGRESSIVE;
				GCC_WARN_UNUSED_FUNCTION = YES;
				GCC_WARN_UNUSED_VARIABLE = YES;
				IPHONEOS_DEPLOYMENT_TARGET = 17.4;
				LOCALIZATION_PREFERS_STRING_CATALOGS = YES;
				MTL_ENABLE_DEBUG_INFO = INCLUDE_SOURCE;
				MTL_FAST_MATH = YES;
				ONLY_ACTIVE_ARCH = YES;
				SDKROOT = iphoneos;
				SWIFT_ACTIVE_COMPILATION_CONDITIONS = "DEBUG $(inherited)";
				SWIFT_OPTIMIZATION_LEVEL = "-Onone";
			};
			name = Debug;
		};
		B6AF281B2BAF2808005DFD41 /* Release */ = {
			isa = XCBuildConfiguration;
			buildSettings = {
				ALWAYS_SEARCH_USER_PATHS = NO;
				ASSETCATALOG_COMPILER_GENERATE_SWIFT_ASSET_SYMBOL_EXTENSIONS = YES;
				CLANG_ANALYZER_NONNULL = YES;
				CLANG_ANALYZER_NUMBER_OBJECT_CONVERSION = YES_AGGRESSIVE;
				CLANG_CXX_LANGUAGE_STANDARD = "gnu++20";
				CLANG_ENABLE_MODULES = YES;
				CLANG_ENABLE_OBJC_ARC = YES;
				CLANG_ENABLE_OBJC_WEAK = YES;
				CLANG_WARN_BLOCK_CAPTURE_AUTORELEASING = YES;
				CLANG_WARN_BOOL_CONVERSION = YES;
				CLANG_WARN_COMMA = YES;
				CLANG_WARN_CONSTANT_CONVERSION = YES;
				CLANG_WARN_DEPRECATED_OBJC_IMPLEMENTATIONS = YES;
				CLANG_WARN_DIRECT_OBJC_ISA_USAGE = YES_ERROR;
				CLANG_WARN_DOCUMENTATION_COMMENTS = YES;
				CLANG_WARN_EMPTY_BODY = YES;
				CLANG_WARN_ENUM_CONVERSION = YES;
				CLANG_WARN_INFINITE_RECURSION = YES;
				CLANG_WARN_INT_CONVERSION = YES;
				CLANG_WARN_NON_LITERAL_NULL_CONVERSION = YES;
				CLANG_WARN_OBJC_IMPLICIT_RETAIN_SELF = YES;
				CLANG_WARN_OBJC_LITERAL_CONVERSION = YES;
				CLANG_WARN_OBJC_ROOT_CLASS = YES_ERROR;
				CLANG_WARN_QUOTED_INCLUDE_IN_FRAMEWORK_HEADER = YES;
				CLANG_WARN_RANGE_LOOP_ANALYSIS = YES;
				CLANG_WARN_STRICT_PROTOTYPES = YES;
				CLANG_WARN_SUSPICIOUS_MOVE = YES;
				CLANG_WARN_UNGUARDED_AVAILABILITY = YES_AGGRESSIVE;
				CLANG_WARN_UNREACHABLE_CODE = YES;
				CLANG_WARN__DUPLICATE_METHOD_MATCH = YES;
				COPY_PHASE_STRIP = NO;
				DEBUG_INFORMATION_FORMAT = "dwarf-with-dsym";
				ENABLE_NS_ASSERTIONS = NO;
				ENABLE_STRICT_OBJC_MSGSEND = YES;
				ENABLE_USER_SCRIPT_SANDBOXING = YES;
				GCC_C_LANGUAGE_STANDARD = gnu17;
				GCC_NO_COMMON_BLOCKS = YES;
				GCC_WARN_64_TO_32_BIT_CONVERSION = YES;
				GCC_WARN_ABOUT_RETURN_TYPE = YES_ERROR;
				GCC_WARN_UNDECLARED_SELECTOR = YES;
				GCC_WARN_UNINITIALIZED_AUTOS = YES_AGGRESSIVE;
				GCC_WARN_UNUSED_FUNCTION = YES;
				GCC_WARN_UNUSED_VARIABLE = YES;
				IPHONEOS_DEPLOYMENT_TARGET = 17.4;
				LOCALIZATION_PREFERS_STRING_CATALOGS = YES;
				MTL_ENABLE_DEBUG_INFO = NO;
				MTL_FAST_MATH = YES;
				SDKROOT = iphoneos;
				SWIFT_COMPILATION_MODE = wholemodule;
				VALIDATE_PRODUCT = YES;
			};
			name = Release;
		};
		B6AF281D2BAF2808005DFD41 /* Debug */ = {
			isa = XCBuildConfiguration;
			buildSettings = {
				ASSETCATALOG_COMPILER_APPICON_NAME = AppIcon;
				ASSETCATALOG_COMPILER_GLOBAL_ACCENT_COLOR_NAME = AccentColor;
				CODE_SIGN_STYLE = Automatic;
				CURRENT_PROJECT_VERSION = 1;
				DEVELOPMENT_TEAM = 4S74JS2879;
				GENERATE_INFOPLIST_FILE = YES;
				INFOPLIST_FILE = GHFollowers/Info.plist;
				INFOPLIST_KEY_UIApplicationSupportsIndirectInputEvents = YES;
				INFOPLIST_KEY_UILaunchStoryboardName = LaunchScreen;
				INFOPLIST_KEY_UISupportedInterfaceOrientations = UIInterfaceOrientationPortrait;
				INFOPLIST_KEY_UISupportedInterfaceOrientations_iPad = "UIInterfaceOrientationLandscapeLeft UIInterfaceOrientationLandscapeRight UIInterfaceOrientationPortrait UIInterfaceOrientationPortraitUpsideDown";
				LD_RUNPATH_SEARCH_PATHS = (
					"$(inherited)",
					"@executable_path/Frameworks",
				);
				MARKETING_VERSION = 1.0;
				PRODUCT_BUNDLE_IDENTIFIER = com.selcukileri.GHFollowers;
				PRODUCT_NAME = "$(TARGET_NAME)";
				SWIFT_EMIT_LOC_STRINGS = YES;
				SWIFT_VERSION = 5.0;
				TARGETED_DEVICE_FAMILY = "1,2";
			};
			name = Debug;
		};
		B6AF281E2BAF2808005DFD41 /* Release */ = {
			isa = XCBuildConfiguration;
			buildSettings = {
				ASSETCATALOG_COMPILER_APPICON_NAME = AppIcon;
				ASSETCATALOG_COMPILER_GLOBAL_ACCENT_COLOR_NAME = AccentColor;
				CODE_SIGN_STYLE = Automatic;
				CURRENT_PROJECT_VERSION = 1;
				DEVELOPMENT_TEAM = 4S74JS2879;
				GENERATE_INFOPLIST_FILE = YES;
				INFOPLIST_FILE = GHFollowers/Info.plist;
				INFOPLIST_KEY_UIApplicationSupportsIndirectInputEvents = YES;
				INFOPLIST_KEY_UILaunchStoryboardName = LaunchScreen;
				INFOPLIST_KEY_UISupportedInterfaceOrientations = UIInterfaceOrientationPortrait;
				INFOPLIST_KEY_UISupportedInterfaceOrientations_iPad = "UIInterfaceOrientationLandscapeLeft UIInterfaceOrientationLandscapeRight UIInterfaceOrientationPortrait UIInterfaceOrientationPortraitUpsideDown";
				LD_RUNPATH_SEARCH_PATHS = (
					"$(inherited)",
					"@executable_path/Frameworks",
				);
				MARKETING_VERSION = 1.0;
				PRODUCT_BUNDLE_IDENTIFIER = com.selcukileri.GHFollowers;
				PRODUCT_NAME = "$(TARGET_NAME)";
				SWIFT_EMIT_LOC_STRINGS = YES;
				SWIFT_VERSION = 5.0;
				TARGETED_DEVICE_FAMILY = "1,2";
			};
			name = Release;
		};
/* End XCBuildConfiguration section */

/* Begin XCConfigurationList section */
		B6AF28032BAF2807005DFD41 /* Build configuration list for PBXProject "GHFollowers" */ = {
			isa = XCConfigurationList;
			buildConfigurations = (
				B6AF281A2BAF2808005DFD41 /* Debug */,
				B6AF281B2BAF2808005DFD41 /* Release */,
			);
			defaultConfigurationIsVisible = 0;
			defaultConfigurationName = Release;
		};
		B6AF281C2BAF2808005DFD41 /* Build configuration list for PBXNativeTarget "GHFollowers" */ = {
			isa = XCConfigurationList;
			buildConfigurations = (
				B6AF281D2BAF2808005DFD41 /* Debug */,
				B6AF281E2BAF2808005DFD41 /* Release */,
			);
			defaultConfigurationIsVisible = 0;
			defaultConfigurationName = Release;
		};
/* End XCConfigurationList section */
	};
	rootObject = B6AF28002BAF2807005DFD41 /* Project object */;
}
